
Microsoft Visual Studio Solution File, Format Version 12.00
# Visual Studio Version 17
VisualStudioVersion = 17.14.36623.8
MinimumVisualStudioVersion = 10.0.40219.1
Project("{FAE04EC0-301F-11D3-BF4B-00C04F79EFBC}") = "ZAShinyStoragePlugin", "ZAShinyStoragePlugin\ZAShinyStoragePlugin.csproj", "{4A127474-4950-88B7-01B1-2B311331F08A}"
EndProject
Global
	GlobalSection(SolutionConfigurationPlatforms) = preSolution
		Debug|Any CPU = Debug|Any CPU
		Release|Any CPU = Release|Any CPU
	EndGlobalSection
	GlobalSection(ProjectConfigurationPlatforms) = postSolution
		{4A127474-4950-88B7-01B1-2B311331F08A}.Debug|Any CPU.ActiveCfg = Debug|Any CPU
		{4A127474-4950-88B7-01B1-2B311331F08A}.Debug|Any CPU.Build.0 = Debug|Any CPU
		{4A127474-4950-88B7-01B1-2B311331F08A}.Release|Any CPU.ActiveCfg = Release|Any CPU
		{4A127474-4950-88B7-01B1-2B311331F08A}.Release|Any CPU.Build.0 = Release|Any CPU
	EndGlobalSection
	GlobalSection(SolutionProperties) = preSolution
		HideSolutionNode = FALSE
	EndGlobalSection
	GlobalSection(ExtensibilityGlobals) = postSolution
		SolutionGuid = {9C1B545F-9E2E-4987-AE04-BC1EAD7A2F2C}
	EndGlobalSection
EndGlobal
